// !$*UTF8*$!
{
	archiveVersion = 1;
	classes = {
	};
	objectVersion = 50;
	objects = {

/* Begin PBXBuildFile section */
		1F6710C1257916FF00C95129 /* PenalistListViewController.swift in Sources */ = {isa = PBXBuildFile; fileRef = 1F6710C0257916FF00C95129 /* PenalistListViewController.swift */; };
		1F6710C42579199700C95129 /* PenalistInfo.swift in Sources */ = {isa = PBXBuildFile; fileRef = 1F6710C32579199700C95129 /* PenalistInfo.swift */; };
		1F6710C8257949AC00C95129 /* PenalistListCell.swift in Sources */ = {isa = PBXBuildFile; fileRef = 1F6710C7257949AC00C95129 /* PenalistListCell.swift */; };
		1F83E493256DE8C500335399 /* ResultViewController.swift in Sources */ = {isa = PBXBuildFile; fileRef = 1F83E492256DE8C500335399 /* ResultViewController.swift */; };
		1FB61E0F256669EC00847DA4 /* AppDelegate.swift in Sources */ = {isa = PBXBuildFile; fileRef = 1FB61E0E256669EC00847DA4 /* AppDelegate.swift */; };
		1FB61E11256669EC00847DA4 /* SceneDelegate.swift in Sources */ = {isa = PBXBuildFile; fileRef = 1FB61E10256669EC00847DA4 /* SceneDelegate.swift */; };
		1FB61E13256669EC00847DA4 /* InputController.swift in Sources */ = {isa = PBXBuildFile; fileRef = 1FB61E12256669EC00847DA4 /* InputController.swift */; };
		1FB61E16256669EC00847DA4 /* Main.storyboard in Resources */ = {isa = PBXBuildFile; fileRef = 1FB61E14256669EC00847DA4 /* Main.storyboard */; };
		1FB61E18256669ED00847DA4 /* Assets.xcassets in Resources */ = {isa = PBXBuildFile; fileRef = 1FB61E17256669ED00847DA4 /* Assets.xcassets */; };
		1FB61E1B256669ED00847DA4 /* LaunchScreen.storyboard in Resources */ = {isa = PBXBuildFile; fileRef = 1FB61E19256669ED00847DA4 /* LaunchScreen.storyboard */; };
/* End PBXBuildFile section */

/* Begin PBXFileReference section */
		1F6710C0257916FF00C95129 /* PenalistListViewController.swift */ = {isa = PBXFileReference; lastKnownFileType = sourcecode.swift; path = PenalistListViewController.swift; sourceTree = "<group>"; };
		1F6710C32579199700C95129 /* PenalistInfo.swift */ = {isa = PBXFileReference; lastKnownFileType = sourcecode.swift; path = PenalistInfo.swift; sourceTree = "<group>"; };
		1F6710C7257949AC00C95129 /* PenalistListCell.swift */ = {isa = PBXFileReference; lastKnownFileType = sourcecode.swift; path = PenalistListCell.swift; sourceTree = "<group>"; };
		1F83E492256DE8C500335399 /* ResultViewController.swift */ = {isa = PBXFileReference; lastKnownFileType = sourcecode.swift; path = ResultViewController.swift; sourceTree = "<group>"; };
		1FB61E0B256669EC00847DA4 /* PenaltyGame.app */ = {isa = PBXFileReference; explicitFileType = wrapper.application; includeInIndex = 0; path = PenaltyGame.app; sourceTree = BUILT_PRODUCTS_DIR; };
		1FB61E0E256669EC00847DA4 /* AppDelegate.swift */ = {isa = PBXFileReference; lastKnownFileType = sourcecode.swift; path = AppDelegate.swift; sourceTree = "<group>"; };
		1FB61E10256669EC00847DA4 /* SceneDelegate.swift */ = {isa = PBXFileReference; lastKnownFileType = sourcecode.swift; path = SceneDelegate.swift; sourceTree = "<group>"; };
		1FB61E12256669EC00847DA4 /* InputController.swift */ = {isa = PBXFileReference; lastKnownFileType = sourcecode.swift; path = InputController.swift; sourceTree = "<group>"; };
		1FB61E15256669EC00847DA4 /* Base */ = {isa = PBXFileReference; lastKnownFileType = file.storyboard; name = Base; path = Base.lproj/Main.storyboard; sourceTree = "<group>"; };
		1FB61E17256669ED00847DA4 /* Assets.xcassets */ = {isa = PBXFileReference; lastKnownFileType = folder.assetcatalog; path = Assets.xcassets; sourceTree = "<group>"; };
		1FB61E1A256669ED00847DA4 /* Base */ = {isa = PBXFileReference; lastKnownFileType = file.storyboard; name = Base; path = Base.lproj/LaunchScreen.storyboard; sourceTree = "<group>"; };
		1FB61E1C256669ED00847DA4 /* Info.plist */ = {isa = PBXFileReference; lastKnownFileType = text.plist.xml; path = Info.plist; sourceTree = "<group>"; };
/* End PBXFileReference section */

/* Begin PBXFrameworksBuildPhase section */
		1FB61E08256669EC00847DA4 /* Frameworks */ = {
			isa = PBXFrameworksBuildPhase;
			buildActionMask = 2147483647;
			files = (
			);
			runOnlyForDeploymentPostprocessing = 0;
		};
/* End PBXFrameworksBuildPhase section */

/* Begin PBXGroup section */
		1F544F5D256BA7980033C6E1 /* Supportings */ = {
			isa = PBXGroup;
			children = (
				1FB61E1C256669ED00847DA4 /* Info.plist */,
			);
			path = Supportings;
			sourceTree = "<group>";
		};
		1F544F60256BA7F40033C6E1 /* Sources */ = {
			isa = PBXGroup;
			children = (
				1FB61E0E256669EC00847DA4 /* AppDelegate.swift */,
				1FB61E10256669EC00847DA4 /* SceneDelegate.swift */,
				1FB61E12256669EC00847DA4 /* InputController.swift */,
				1F83E492256DE8C500335399 /* ResultViewController.swift */,
				1F6710C0257916FF00C95129 /* PenalistListViewController.swift */,
				1F6710C32579199700C95129 /* PenalistInfo.swift */,
				1F6710C7257949AC00C95129 /* PenalistListCell.swift */,
			);
			path = Sources;
			sourceTree = "<group>";
		};
		1F544F62256BA8240033C6E1 /* Resources */ = {
			isa = PBXGroup;
			children = (
				1FB61E14256669EC00847DA4 /* Main.storyboard */,
				1FB61E19256669ED00847DA4 /* LaunchScreen.storyboard */,
				1FB61E17256669ED00847DA4 /* Assets.xcassets */,
			);
			path = Resources;
			sourceTree = "<group>";
		};
		1FB61E02256669EC00847DA4 = {
			isa = PBXGroup;
			children = (
				1FB61E0D256669EC00847DA4 /* PenaltyGame */,
				1FB61E0C256669EC00847DA4 /* Products */,
			);
			sourceTree = "<group>";
		};
		1FB61E0C256669EC00847DA4 /* Products */ = {
			isa = PBXGroup;
			children = (
				1FB61E0B256669EC00847DA4 /* PenaltyGame.app */,
			);
			name = Products;
			sourceTree = "<group>";
		};
		1FB61E0D256669EC00847DA4 /* PenaltyGame */ = {
			isa = PBXGroup;
			children = (
				1F544F60256BA7F40033C6E1 /* Sources */,
				1F544F62256BA8240033C6E1 /* Resources */,
				1F544F5D256BA7980033C6E1 /* Supportings */,
			);
			path = PenaltyGame;
			sourceTree = "<group>";
		};
/* End PBXGroup section */

/* Begin PBXNativeTarget section */
		1FB61E0A256669EC00847DA4 /* PenaltyGame */ = {
			isa = PBXNativeTarget;
			buildConfigurationList = 1FB61E1F256669ED00847DA4 /* Build configuration list for PBXNativeTarget "PenaltyGame" */;
			buildPhases = (
				1FB61E07256669EC00847DA4 /* Sources */,
				1FB61E08256669EC00847DA4 /* Frameworks */,
				1FB61E09256669EC00847DA4 /* Resources */,
			);
			buildRules = (
			);
			dependencies = (
			);
			name = PenaltyGame;
			productName = PenaltyGame;
			productReference = 1FB61E0B256669EC00847DA4 /* PenaltyGame.app */;
			productType = "com.apple.product-type.application";
		};
/* End PBXNativeTarget section */

/* Begin PBXProject section */
		1FB61E03256669EC00847DA4 /* Project object */ = {
			isa = PBXProject;
			attributes = {
				LastSwiftUpdateCheck = 1220;
				LastUpgradeCheck = 1220;
				TargetAttributes = {
					1FB61E0A256669EC00847DA4 = {
						CreatedOnToolsVersion = 12.2;
					};
				};
			};
			buildConfigurationList = 1FB61E06256669EC00847DA4 /* Build configuration list for PBXProject "PenaltyGame" */;
			compatibilityVersion = "Xcode 9.3";
			developmentRegion = en;
			hasScannedForEncodings = 0;
			knownRegions = (
				en,
				Base,
			);
			mainGroup = 1FB61E02256669EC00847DA4;
			productRefGroup = 1FB61E0C256669EC00847DA4 /* Products */;
			projectDirPath = "";
			projectRoot = "";
			targets = (
				1FB61E0A256669EC00847DA4 /* PenaltyGame */,
			);
		};
/* End PBXProject section */

/* Begin PBXResourcesBuildPhase section */
		1FB61E09256669EC00847DA4 /* Resources */ = {
			isa = PBXResourcesBuildPhase;
			buildActionMask = 2147483647;
			files = (
				1FB61E1B256669ED00847DA4 /* LaunchScreen.storyboard in Resources */,
				1FB61E18256669ED00847DA4 /* Assets.xcassets in Resources */,
				1FB61E16256669EC00847DA4 /* Main.storyboard in Resources */,
			);
			runOnlyForDeploymentPostprocessing = 0;
		};
/* End PBXResourcesBuildPhase section */

/* Begin PBXSourcesBuildPhase section */
		1FB61E07256669EC00847DA4 /* Sources */ = {
			isa = PBXSourcesBuildPhase;
			buildActionMask = 2147483647;
			files = (
				1F6710C42579199700C95129 /* PenalistInfo.swift in Sources */,
				1F6710C1257916FF00C95129 /* PenalistListViewController.swift in Sources */,
				1FB61E13256669EC00847DA4 /* InputController.swift in Sources */,
				1FB61E0F256669EC00847DA4 /* AppDelegate.swift in Sources */,
				1FB61E11256669EC00847DA4 /* SceneDelegate.swift in Sources */,
				1F6710C8257949AC00C95129 /* PenalistListCell.swift in Sources */,
				1F83E493256DE8C500335399 /* ResultViewController.swift in Sources */,
			);
			runOnlyForDeploymentPostprocessing = 0;
		};
/* End PBXSourcesBuildPhase section */

/* Begin PBXVariantGroup section */
		1FB61E14256669EC00847DA4 /* Main.storyboard */ = {
			isa = PBXVariantGroup;
			children = (
				1FB61E15256669EC00847DA4 /* Base */,
			);
			name = Main.storyboard;
			sourceTree = "<group>";
		};
		1FB61E19256669ED00847DA4 /* LaunchScreen.storyboard */ = {
			isa = PBXVariantGroup;
			children = (
				1FB61E1A256669ED00847DA4 /* Base */,
			);
			name = LaunchScreen.storyboard;
			sourceTree = "<group>";
		};
/* End PBXVariantGroup section */

/* Begin XCBuildConfiguration section */
		1FB61E1D256669ED00847DA4 /* Debug */ = {
			isa = XCBuildConfiguration;
			buildSettings = {
				ALWAYS_SEARCH_USER_PATHS = NO;
				CLANG_ANALYZER_NONNULL = YES;
				CLANG_ANALYZER_NUMBER_OBJECT_CONVERSION = YES_AGGRESSIVE;
				CLANG_CXX_LANGUAGE_STANDARD = "gnu++14";
				CLANG_CXX_LIBRARY = "libc++";
				CLANG_ENABLE_MODULES = YES;
				CLANG_ENABLE_OBJC_ARC = YES;
				CLANG_ENABLE_OBJC_WEAK = YES;
				CLANG_WARN_BLOCK_CAPTURE_AUTORELEASING = YES;
				CLANG_WARN_BOOL_CONVERSION = YES;
				CLANG_WARN_COMMA = YES;
				CLANG_WARN_CONSTANT_CONVERSION = YES;
				CLANG_WARN_DEPRECATED_OBJC_IMPLEMENTATIONS = YES;
				CLANG_WARN_DIRECT_OBJC_ISA_USAGE = YES_ERROR;
				CLANG_WARN_DOCUMENTATION_COMMENTS = YES;
				CLANG_WARN_EMPTY_BODY = YES;
				CLANG_WARN_ENUM_CONVERSION = YES;
				CLANG_WARN_INFINITE_RECURSION = YES;
				CLANG_WARN_INT_CONVERSION = YES;
				CLANG_WARN_NON_LITERAL_NULL_CONVERSION = YES;
				CLANG_WARN_OBJC_IMPLICIT_RETAIN_SELF = YES;
				CLANG_WARN_OBJC_LITERAL_CONVERSION = YES;
				CLANG_WARN_OBJC_ROOT_CLASS = YES_ERROR;
				CLANG_WARN_QUOTED_INCLUDE_IN_FRAMEWORK_HEADER = YES;
				CLANG_WARN_RANGE_LOOP_ANALYSIS = YES;
				CLANG_WARN_STRICT_PROTOTYPES = YES;
				CLANG_WARN_SUSPICIOUS_MOVE = YES;
				CLANG_WARN_UNGUARDED_AVAILABILITY = YES_AGGRESSIVE;
				CLANG_WARN_UNREACHABLE_CODE = YES;
				CLANG_WARN__DUPLICATE_METHOD_MATCH = YES;
				COPY_PHASE_STRIP = NO;
				DEBUG_INFORMATION_FORMAT = dwarf;
				ENABLE_STRICT_OBJC_MSGSEND = YES;
				ENABLE_TESTABILITY = YES;
				GCC_C_LANGUAGE_STANDARD = gnu11;
				GCC_DYNAMIC_NO_PIC = NO;
				GCC_NO_COMMON_BLOCKS = YES;
				GCC_OPTIMIZATION_LEVEL = 0;
				GCC_PREPROCESSOR_DEFINITIONS = (
					"DEBUG=1",
					"$(inherited)",
				);
				GCC_WARN_64_TO_32_BIT_CONVERSION = YES;
				GCC_WARN_ABOUT_RETURN_TYPE = YES_ERROR;
				GCC_WARN_UNDECLARED_SELECTOR = YES;
				GCC_WARN_UNINITIALIZED_AUTOS = YES_AGGRESSIVE;
				GCC_WARN_UNUSED_FUNCTION = YES;
				GCC_WARN_UNUSED_VARIABLE = YES;
				IPHONEOS_DEPLOYMENT_TARGET = 14.2;
				MTL_ENABLE_DEBUG_INFO = INCLUDE_SOURCE;
				MTL_FAST_MATH = YES;
				ONLY_ACTIVE_ARCH = YES;
				SDKROOT = iphoneos;
				SWIFT_ACTIVE_COMPILATION_CONDITIONS = DEBUG;
				SWIFT_OPTIMIZATION_LEVEL = "-Onone";
			};
			name = Debug;
		};
		1FB61E1E256669ED00847DA4 /* Release */ = {
			isa = XCBuildConfiguration;
			buildSettings = {
				ALWAYS_SEARCH_USER_PATHS = NO;
				CLANG_ANALYZER_NONNULL = YES;
				CLANG_ANALYZER_NUMBER_OBJECT_CONVERSION = YES_AGGRESSIVE;
				CLANG_CXX_LANGUAGE_STANDARD = "gnu++14";
				CLANG_CXX_LIBRARY = "libc++";
				CLANG_ENABLE_MODULES = YES;
				CLANG_ENABLE_OBJC_ARC = YES;
				CLANG_ENABLE_OBJC_WEAK = YES;
				CLANG_WARN_BLOCK_CAPTURE_AUTORELEASING = YES;
				CLANG_WARN_BOOL_CONVERSION = YES;
				CLANG_WARN_COMMA = YES;
				CLANG_WARN_CONSTANT_CONVERSION = YES;
				CLANG_WARN_DEPRECATED_OBJC_IMPLEMENTATIONS = YES;
				CLANG_WARN_DIRECT_OBJC_ISA_USAGE = YES_ERROR;
				CLANG_WARN_DOCUMENTATION_COMMENTS = YES;
				CLANG_WARN_EMPTY_BODY = YES;
				CLANG_WARN_ENUM_CONVERSION = YES;
				CLANG_WARN_INFINITE_RECURSION = YES;
				CLANG_WARN_INT_CONVERSION = YES;
				CLANG_WARN_NON_LITERAL_NULL_CONVERSION = YES;
				CLANG_WARN_OBJC_IMPLICIT_RETAIN_SELF = YES;
				CLANG_WARN_OBJC_LITERAL_CONVERSION = YES;
				CLANG_WARN_OBJC_ROOT_CLASS = YES_ERROR;
				CLANG_WARN_QUOTED_INCLUDE_IN_FRAMEWORK_HEADER = YES;
				CLANG_WARN_RANGE_LOOP_ANALYSIS = YES;
				CLANG_WARN_STRICT_PROTOTYPES = YES;
				CLANG_WARN_SUSPICIOUS_MOVE = YES;
				CLANG_WARN_UNGUARDED_AVAILABILITY = YES_AGGRESSIVE;
				CLANG_WARN_UNREACHABLE_CODE = YES;
				CLANG_WARN__DUPLICATE_METHOD_MATCH = YES;
				COPY_PHASE_STRIP = NO;
				DEBUG_INFORMATION_FORMAT = "dwarf-with-dsym";
				ENABLE_NS_ASSERTIONS = NO;
				ENABLE_STRICT_OBJC_MSGSEND = YES;
				GCC_C_LANGUAGE_STANDARD = gnu11;
				GCC_NO_COMMON_BLOCKS = YES;
				GCC_WARN_64_TO_32_BIT_CONVERSION = YES;
				GCC_WARN_ABOUT_RETURN_TYPE = YES_ERROR;
				GCC_WARN_UNDECLARED_SELECTOR = YES;
				GCC_WARN_UNINITIALIZED_AUTOS = YES_AGGRESSIVE;
				GCC_WARN_UNUSED_FUNCTION = YES;
				GCC_WARN_UNUSED_VARIABLE = YES;
				IPHONEOS_DEPLOYMENT_TARGET = 14.2;
				MTL_ENABLE_DEBUG_INFO = NO;
				MTL_FAST_MATH = YES;
				SDKROOT = iphoneos;
				SWIFT_COMPILATION_MODE = wholemodule;
				SWIFT_OPTIMIZATION_LEVEL = "-O";
				VALIDATE_PRODUCT = YES;
			};
			name = Release;
		};
		1FB61E20256669ED00847DA4 /* Debug */ = {
			isa = XCBuildConfiguration;
			buildSettings = {
				ASSETCATALOG_COMPILER_APPICON_NAME = AppIcon;
				ASSETCATALOG_COMPILER_GLOBAL_ACCENT_COLOR_NAME = AccentColor;
				CODE_SIGN_STYLE = Automatic;
				DEVELOPMENT_TEAM = W483T5Y4MX;
				INFOPLIST_FILE = PenaltyGame/Supportings/Info.plist;
				LD_RUNPATH_SEARCH_PATHS = (
					"$(inherited)",
					"@executable_path/Frameworks",
				);
				PRODUCT_BUNDLE_IDENTIFIER = com.leejongyoung.PenaltyGame;
				PRODUCT_NAME = "$(TARGET_NAME)";
				SWIFT_VERSION = 5.0;
				TARGETED_DEVICE_FAMILY = "1,2";
			};
			name = Debug;
		};
		1FB61E21256669ED00847DA4 /* Release */ = {
			isa = XCBuildConfiguration;
			buildSettings = {
				ASSETCATALOG_COMPILER_APPICON_NAME = AppIcon;
				ASSETCATALOG_COMPILER_GLOBAL_ACCENT_COLOR_NAME = AccentColor;
				CODE_SIGN_STYLE = Automatic;
				DEVELOPMENT_TEAM = W483T5Y4MX;
				INFOPLIST_FILE = PenaltyGame/Supportings/Info.plist;
				LD_RUNPATH_SEARCH_PATHS = (
					"$(inherited)",
					"@executable_path/Frameworks",
				);
				PRODUCT_BUNDLE_IDENTIFIER = com.leejongyoung.PenaltyGame;
				PRODUCT_NAME = "$(TARGET_NAME)";
				SWIFT_VERSION = 5.0;
				TARGETED_DEVICE_FAMILY = "1,2";
			};
			name = Release;
		};
/* End XCBuildConfiguration section */

/* Begin XCConfigurationList section */
		1FB61E06256669EC00847DA4 /* Build configuration list for PBXProject "PenaltyGame" */ = {
			isa = XCConfigurationList;
			buildConfigurations = (
				1FB61E1D256669ED00847DA4 /* Debug */,
				1FB61E1E256669ED00847DA4 /* Release */,
			);
			defaultConfigurationIsVisible = 0;
			defaultConfigurationName = Release;
		};
		1FB61E1F256669ED00847DA4 /* Build configuration list for PBXNativeTarget "PenaltyGame" */ = {
			isa = XCConfigurationList;
			buildConfigurations = (
				1FB61E20256669ED00847DA4 /* Debug */,
				1FB61E21256669ED00847DA4 /* Release */,
			);
			defaultConfigurationIsVisible = 0;
			defaultConfigurationName = Release;
		};
/* End XCConfigurationList section */
	};
	rootObject = 1FB61E03256669EC00847DA4 /* Project object */;
}
